
Microsoft Visual Studio Solution File, Format Version 12.00
# Visual Studio 15
VisualStudioVersion = 15.0.28307.168
MinimumVisualStudioVersion = 10.0.40219.1
Project("{FAE04EC0-301F-11D3-BF4B-00C04F79EFBC}") = "DemoDropboxUpload", "DemoDropboxUpload\DemoDropboxUpload.csproj", "{58797650-0C80-4554-AD82-C0F297130E32}"
EndProject
Global
	GlobalSection(SolutionConfigurationPlatforms) = preSolution
		Debug|Any CPU = Debug|Any CPU
		Release|Any CPU = Release|Any CPU
	EndGlobalSection
	GlobalSection(ProjectConfigurationPlatforms) = postSolution
		{58797650-0C80-4554-AD82-C0F297130E32}.Debug|Any CPU.ActiveCfg = Debug|Any CPU
		{58797650-0C80-4554-AD82-C0F297130E32}.Debug|Any CPU.Build.0 = Debug|Any CPU
		{58797650-0C80-4554-AD82-C0F297130E32}.Release|Any CPU.ActiveCfg = Release|Any CPU
		{58797650-0C80-4554-AD82-C0F297130E32}.Release|Any CPU.Build.0 = Release|Any CPU
	EndGlobalSection
	GlobalSection(SolutionProperties) = preSolution
		HideSolutionNode = FALSE
	EndGlobalSection
	GlobalSection(ExtensibilityGlobals) = postSolution
		SolutionGuid = {12CC9CF0-ECC0-46DE-BFC5-F98B6A2C7531}
	EndGlobalSection
EndGlobal
